
Microsoft Visual Studio Solution File, Format Version 12.00
# Visual Studio Version 16
VisualStudioVersion = 16.0.29306.81
MinimumVisualStudioVersion = 10.0.40219.1
Project("{FAE04EC0-301F-11D3-BF4B-00C04F79EFBC}") = "AulaTimeSpan", "AulaTimeSpan\AulaTimeSpan.csproj", "{BA55E0F8-89D1-41CE-BA6F-464530A00ABC}"
EndProject
Global
	GlobalSection(SolutionConfigurationPlatforms) = preSolution
		Debug|Any CPU = Debug|Any CPU
		Release|Any CPU = Release|Any CPU
	EndGlobalSection
	GlobalSection(ProjectConfigurationPlatforms) = postSolution
		{BA55E0F8-89D1-41CE-BA6F-464530A00ABC}.Debug|Any CPU.ActiveCfg = Debug|Any CPU
		{BA55E0F8-89D1-41CE-BA6F-464530A00ABC}.Debug|Any CPU.Build.0 = Debug|Any CPU
		{BA55E0F8-89D1-41CE-BA6F-464530A00ABC}.Release|Any CPU.ActiveCfg = Release|Any CPU
		{BA55E0F8-89D1-41CE-BA6F-464530A00ABC}.Release|Any CPU.Build.0 = Release|Any CPU
	EndGlobalSection
	GlobalSection(SolutionProperties) = preSolution
		HideSolutionNode = FALSE
	EndGlobalSection
	GlobalSection(ExtensibilityGlobals) = postSolution
		SolutionGuid = {4DE78D44-F9D8-4C17-BD13-F5922840124B}
	EndGlobalSection
EndGlobal
